
Microsoft Visual Studio Solution File, Format Version 12.00
# Visual Studio Version 17
VisualStudioVersion = 17.6.33829.357
MinimumVisualStudioVersion = 10.0.40219.1
Project("{FAE04EC0-301F-11D3-BF4B-00C04F79EFBC}") = "SYAapp.Android", "SYAapp.Android\SYAapp.Android.csproj", "{EC2D326E-F1DD-48D6-8D4C-DF065B141D3E}"
EndProject
Project("{FAE04EC0-301F-11D3-BF4B-00C04F79EFBC}") = "SYAapp", "SYAapp\SYAapp.csproj", "{A03E1366-0E88-449E-A069-CE063FE4D490}"
EndProject
Global
	GlobalSection(SolutionConfigurationPlatforms) = preSolution
		Debug|Any CPU = Debug|Any CPU
		Release|Any CPU = Release|Any CPU
	EndGlobalSection
	GlobalSection(ProjectConfigurationPlatforms) = postSolution
		{EC2D326E-F1DD-48D6-8D4C-DF065B141D3E}.Debug|Any CPU.ActiveCfg = Debug|Any CPU
		{EC2D326E-F1DD-48D6-8D4C-DF065B141D3E}.Debug|Any CPU.Build.0 = Debug|Any CPU
		{EC2D326E-F1DD-48D6-8D4C-DF065B141D3E}.Debug|Any CPU.Deploy.0 = Debug|Any CPU
		{EC2D326E-F1DD-48D6-8D4C-DF065B141D3E}.Release|Any CPU.ActiveCfg = Release|Any CPU
		{EC2D326E-F1DD-48D6-8D4C-DF065B141D3E}.Release|Any CPU.Build.0 = Release|Any CPU
		{EC2D326E-F1DD-48D6-8D4C-DF065B141D3E}.Release|Any CPU.Deploy.0 = Release|Any CPU
		{A03E1366-0E88-449E-A069-CE063FE4D490}.Debug|Any CPU.ActiveCfg = Debug|Any CPU
		{A03E1366-0E88-449E-A069-CE063FE4D490}.Debug|Any CPU.Build.0 = Debug|Any CPU
		{A03E1366-0E88-449E-A069-CE063FE4D490}.Debug|Any CPU.Deploy.0 = Debug|Any CPU
		{A03E1366-0E88-449E-A069-CE063FE4D490}.Release|Any CPU.ActiveCfg = Release|Any CPU
		{A03E1366-0E88-449E-A069-CE063FE4D490}.Release|Any CPU.Build.0 = Release|Any CPU
		{A03E1366-0E88-449E-A069-CE063FE4D490}.Release|Any CPU.Deploy.0 = Release|Any CPU
	EndGlobalSection
	GlobalSection(SolutionProperties) = preSolution
		HideSolutionNode = FALSE
	EndGlobalSection
	GlobalSection(ExtensibilityGlobals) = postSolution
		SolutionGuid = {7F205E5E-515E-4744-84CF-ECAE184B3704}
	EndGlobalSection
EndGlobal
